
Microsoft Visual Studio Solution File, Format Version 12.00
# Visual Studio 14
VisualStudioVersion = 14.0.25420.1
MinimumVisualStudioVersion = 10.0.40219.1
Project("{2150E333-8FDC-42A3-9474-1A3956D46DE8}") = "src", "src", "{CCAE1217-037A-4A91-A96E-04129891E0F7}"
EndProject
Project("{2150E333-8FDC-42A3-9474-1A3956D46DE8}") = "Solution Items", "Solution Items", "{1BA7DB38-60CF-4317-96D0-711BF756C062}"
	ProjectSection(SolutionItems) = preProject
		global.json = global.json
	EndProjectSection
EndProject
Project("{8BB2217D-0F2D-49D1-97BC-3654ED321F3B}") = "LO30.Web", "src\LO30.Web\LO30.Web.xproj", "{F3C2FFD0-CF82-485A-8374-CD47611907BE}"
EndProject
Project("{8BB2217D-0F2D-49D1-97BC-3654ED321F3B}") = "LO30.Data", "src\LO30.Data\LO30.Data.xproj", "{D798815E-04F5-476A-88CE-FDEB347980AA}"
EndProject
Project("{8BB2217D-0F2D-49D1-97BC-3654ED321F3B}") = "LO30.Data.AccessImportWeb", "src\LO30.Data.AccessImportWeb\LO30.Data.AccessImportWeb.xproj", "{3313F3F1-8244-4069-A153-484F291CEEDC}"
EndProject
Project("{8BB2217D-0F2D-49D1-97BC-3654ED321F3B}") = "LO30.Data.AccessImport", "src\LO30.Data.AccessImport\LO30.Data.AccessImport.xproj", "{C4B0F709-7BF4-462C-A54F-AA2A2DE650F9}"
EndProject
Project("{FAE04EC0-301F-11D3-BF4B-00C04F79EFBC}") = "LO30.Common", "src\LO30.Common\LO30.Common.csproj", "{C4CB98DD-3912-45EC-901D-D5E1F17566B6}"
EndProject
Project("{FAE04EC0-301F-11D3-BF4B-00C04F79EFBC}") = "LO30.Data.AccessExport", "src\LO30.Data.AccessExport\LO30.Data.AccessExport.csproj", "{9062A651-D45F-4B45-8979-CA9DA0A72662}"
EndProject
Global
	GlobalSection(SolutionConfigurationPlatforms) = preSolution
		Debug|Any CPU = Debug|Any CPU
		Release|Any CPU = Release|Any CPU
	EndGlobalSection
	GlobalSection(ProjectConfigurationPlatforms) = postSolution
		{F3C2FFD0-CF82-485A-8374-CD47611907BE}.Debug|Any CPU.ActiveCfg = Debug|Any CPU
		{F3C2FFD0-CF82-485A-8374-CD47611907BE}.Debug|Any CPU.Build.0 = Debug|Any CPU
		{F3C2FFD0-CF82-485A-8374-CD47611907BE}.Release|Any CPU.ActiveCfg = Release|Any CPU
		{F3C2FFD0-CF82-485A-8374-CD47611907BE}.Release|Any CPU.Build.0 = Release|Any CPU
		{D798815E-04F5-476A-88CE-FDEB347980AA}.Debug|Any CPU.ActiveCfg = Debug|Any CPU
		{D798815E-04F5-476A-88CE-FDEB347980AA}.Debug|Any CPU.Build.0 = Debug|Any CPU
		{D798815E-04F5-476A-88CE-FDEB347980AA}.Release|Any CPU.ActiveCfg = Release|Any CPU
		{D798815E-04F5-476A-88CE-FDEB347980AA}.Release|Any CPU.Build.0 = Release|Any CPU
		{3313F3F1-8244-4069-A153-484F291CEEDC}.Debug|Any CPU.ActiveCfg = Debug|Any CPU
		{3313F3F1-8244-4069-A153-484F291CEEDC}.Debug|Any CPU.Build.0 = Debug|Any CPU
		{3313F3F1-8244-4069-A153-484F291CEEDC}.Release|Any CPU.ActiveCfg = Release|Any CPU
		{3313F3F1-8244-4069-A153-484F291CEEDC}.Release|Any CPU.Build.0 = Release|Any CPU
		{C4B0F709-7BF4-462C-A54F-AA2A2DE650F9}.Debug|Any CPU.ActiveCfg = Debug|Any CPU
		{C4B0F709-7BF4-462C-A54F-AA2A2DE650F9}.Debug|Any CPU.Build.0 = Debug|Any CPU
		{C4B0F709-7BF4-462C-A54F-AA2A2DE650F9}.Release|Any CPU.ActiveCfg = Release|Any CPU
		{C4B0F709-7BF4-462C-A54F-AA2A2DE650F9}.Release|Any CPU.Build.0 = Release|Any CPU
		{C4CB98DD-3912-45EC-901D-D5E1F17566B6}.Debug|Any CPU.ActiveCfg = Debug|Any CPU
		{C4CB98DD-3912-45EC-901D-D5E1F17566B6}.Debug|Any CPU.Build.0 = Debug|Any CPU
		{C4CB98DD-3912-45EC-901D-D5E1F17566B6}.Release|Any CPU.ActiveCfg = Release|Any CPU
		{C4CB98DD-3912-45EC-901D-D5E1F17566B6}.Release|Any CPU.Build.0 = Release|Any CPU
		{9062A651-D45F-4B45-8979-CA9DA0A72662}.Debug|Any CPU.ActiveCfg = Debug|Any CPU
		{9062A651-D45F-4B45-8979-CA9DA0A72662}.Debug|Any CPU.Build.0 = Debug|Any CPU
		{9062A651-D45F-4B45-8979-CA9DA0A72662}.Release|Any CPU.ActiveCfg = Release|Any CPU
		{9062A651-D45F-4B45-8979-CA9DA0A72662}.Release|Any CPU.Build.0 = Release|Any CPU
	EndGlobalSection
	GlobalSection(SolutionProperties) = preSolution
		HideSolutionNode = FALSE
	EndGlobalSection
	GlobalSection(NestedProjects) = preSolution
		{F3C2FFD0-CF82-485A-8374-CD47611907BE} = {CCAE1217-037A-4A91-A96E-04129891E0F7}
		{D798815E-04F5-476A-88CE-FDEB347980AA} = {CCAE1217-037A-4A91-A96E-04129891E0F7}
		{3313F3F1-8244-4069-A153-484F291CEEDC} = {CCAE1217-037A-4A91-A96E-04129891E0F7}
		{C4B0F709-7BF4-462C-A54F-AA2A2DE650F9} = {CCAE1217-037A-4A91-A96E-04129891E0F7}
		{C4CB98DD-3912-45EC-901D-D5E1F17566B6} = {CCAE1217-037A-4A91-A96E-04129891E0F7}
		{9062A651-D45F-4B45-8979-CA9DA0A72662} = {CCAE1217-037A-4A91-A96E-04129891E0F7}
	EndGlobalSection
EndGlobal
